<Solution>
  <Folder Name="/Src/" />
  <Folder Name="/Src/Core/">
    <Project Path="Application/Application.csproj" />
    <Project Path="Domain/Domain.csproj" />
  </Folder>
  <Folder Name="/Src/Infrastructure/">
    <Project Path="Infrastructure/Infrastructure.csproj" />
    <Project Path="Persistance/Persistance.csproj" />
  </Folder>
  <Folder Name="/Src/Presentation/">
    <Project Path="WebApi/WebApi.csproj" Id="cf13fd7c-dd3e-4eb6-8958-19f3c0b92403" />
  </Folder>
</Solution>
